{
  "name": "@jboho/safe-pnpm",
  "version": "2026.10.0",
  "lockfileVersion": 3,
  "requires": true,
  "packages": {
    "": {
      "name": "@jboho/safe-pnpm",
      "version": "2026.10.0",
      "dependencies": {
        "@socketsecurity/cli": "1.1.102"
      },
      "bin": {
        "safe-pnpm": "bin/safe-pnpm.js"
      },
      "devDependencies": {
        "@biomejs/biome": "^2.4.16",
        "oxlint": "^1.68.0"
      },
      "engines": {
        "node": ">=16"
      }
    },
    "node_modules/@biomejs/biome": {
      "version": "2.4.16",
      "resolved": "https://registry.npmjs.org/@biomejs/biome/-/biome-2.4.16.tgz",
      "integrity": "sha512-x9ajFh1zChVybCiM3TN6OD4phAqLgtPZjFrZF+aTMYCPjwBO+k529TX7PPsAqtGNLeV4UgzwQnowEgS7bGmzcA==",
      "dev": true,
      "license": "MIT OR Apache-2.0",
      "bin": {
        "biome": "bin/biome"
      },
      "engines": {
        "node": ">=14.21.3"
      },
      "funding": {
        "type": "opencollective",
        "url": "https://opencollective.com/biome"
      },
      "optionalDependencies": {
        "@biomejs/cli-darwin-arm64": "2.4.16",
        "@biomejs/cli-darwin-x64": "2.4.16",
        "@biomejs/cli-linux-arm64": "2.4.16",
        "@biomejs/cli-linux-arm64-musl": "2.4.16",
        "@biomejs/cli-linux-x64": "2.4.16",
        "@biomejs/cli-linux-x64-musl": "2.4.16",
        "@biomejs/cli-win32-arm64": "2.4.16",
        "@biomejs/cli-win32-x64": "2.4.16"
      }
    },
    "node_modules/@biomejs/cli-darwin-arm64": {
      "version": "2.4.16",
      "resolved": "https://registry.npmjs.org/@biomejs/cli-darwin-arm64/-/cli-darwin-arm64-2.4.16.tgz",
      "integrity": "sha512-wxPvu4XOA85YJk9ixSWUmq/QBHbid85BISbOAqqBM/5xQpPk9ayjk5375tOlSC0BeCwNSbPFafQBm+vBumXq0A==",
      "cpu": [
        "arm64"
      ],
      "dev": true,
      "license": "MIT OR Apache-2.0",
      "optional": true,
      "os": [
        "darwin"
      ],
      "engines": {
        "node": ">=14.21.3"
      }
    },
    "node_modules/@biomejs/cli-darwin-x64": {
      "version": "2.4.16",
      "resolved": "https://registry.npmjs.org/@biomejs/cli-darwin-x64/-/cli-darwin-x64-2.4.16.tgz",
      "integrity": "sha512-xFCqGPwYusQJp4N4NJLi1XJiZqjwFdjhT+KqtNy+Ug3qgfczqnTa6MSDvxJF6TkuDLoYJItMapz6tAf7kCekFw==",
      "cpu": [
        "x64"
      ],
      "dev": true,
      "license": "MIT OR Apache-2.0",
      "optional": true,
      "os": [
        "darwin"
      ],
      "engines": {
        "node": ">=14.21.3"
      }
    },
    "node_modules/@biomejs/cli-linux-arm64": {
      "version": "2.4.16",
      "resolved": "https://registry.npmjs.org/@biomejs/cli-linux-arm64/-/cli-linux-arm64-2.4.16.tgz",
      "integrity": "sha512-2kFb4//jxfZaP6D+Rj5VkHkxgyD9EoRAVBEQb8PKRv+s4NO2zYNJKXFaJmK1CmhufJOWEfpHKaRbOja7qjmdhQ==",
      "cpu": [
        "arm64"
      ],
      "dev": true,
      "license": "MIT OR Apache-2.0",
      "optional": true,
      "os": [
        "linux"
      ],
      "engines": {
        "node": ">=14.21.3"
      }
    },
    "node_modules/@biomejs/cli-linux-arm64-musl": {
      "version": "2.4.16",
      "resolved": "https://registry.npmjs.org/@biomejs/cli-linux-arm64-musl/-/cli-linux-arm64-musl-2.4.16.tgz",
      "integrity": "sha512-oYxnW0ARfJkr72ezzF2OR8N/rtkgLUQeYtF8cFhVswbknHxtTcmzSsanVJP8yQKnGpGpc2ck6c5zLvHahL6Cbg==",
      "cpu": [
        "arm64"
      ],
      "dev": true,
      "license": "MIT OR Apache-2.0",
      "optional": true,
      "os": [
        "linux"
      ],
      "engines": {
        "node": ">=14.21.3"
      }
    },
    "node_modules/@biomejs/cli-linux-x64": {
      "version": "2.4.16",
      "resolved": "https://registry.npmjs.org/@biomejs/cli-linux-x64/-/cli-linux-x64-2.4.16.tgz",
      "integrity": "sha512-NbcBbi/nJqn5baae6wqRXdS7Gadf2uRpehSh6vMSYpG8OhkXl/Xg8aorWrJ+9VWqAT5ml90alLvorkpMW0nBwQ==",
      "cpu": [
        "x64"
      ],
      "dev": true,
      "license": "MIT OR Apache-2.0",
      "optional": true,
      "os": [
        "linux"
      ],
      "engines": {
        "node": ">=14.21.3"
      }
    },
    "node_modules/@biomejs/cli-linux-x64-musl": {
      "version": "2.4.16",
      "resolved": "https://registry.npmjs.org/@biomejs/cli-linux-x64-musl/-/cli-linux-x64-musl-2.4.16.tgz",
      "integrity": "sha512-iHDS+MCM65DPqWGu+ECC3uoALyj2H7F4nVUPxIPjz/PIl94EUu+EDfGZDzFP+NY1EOPVt9NQvwFqq7HdMmowdg==",
      "cpu": [
        "x64"
      ],
      "dev": true,
      "license": "MIT OR Apache-2.0",
      "optional": true,
      "os": [
        "linux"
      ],
      "engines": {
        "node": ">=14.21.3"
      }
    },
    "node_modules/@biomejs/cli-win32-arm64": {
      "version": "2.4.16",
      "resolved": "https://registry.npmjs.org/@biomejs/cli-win32-arm64/-/cli-win32-arm64-2.4.16.tgz",
      "integrity": "sha512-0rgImMsNb5v/chhkIFe3wu7PEFClS6RBAYUijGL9UsYN3PanSaoK24HSSuSJb1pYbYYVjzAyZTl3gtjJ84BM8A==",
      "cpu": [
        "arm64"
      ],
      "dev": true,
      "license": "MIT OR Apache-2.0",
      "optional": true,
      "os": [
        "win32"
      ],
      "engines": {
        "node": ">=14.21.3"
      }
    },
    "node_modules/@biomejs/cli-win32-x64": {
      "version": "2.4.16",
      "resolved": "https://registry.npmjs.org/@biomejs/cli-win32-x64/-/cli-win32-x64-2.4.16.tgz",
      "integrity": "sha512-Kp85jgoBHa05gix6UIRjfCDiUV3w/8VIdZ247VyyO2gEjaw12WEVhdIjlxp/AMzXxqxQwbxNTDVZ3Mwd2RG5rw==",
      "cpu": [
        "x64"
      ],
      "dev": true,
      "license": "MIT OR Apache-2.0",
      "optional": true,
      "os": [
        "win32"
      ],
      "engines": {
        "node": ">=14.21.3"
      }
    },
    "node_modules/@oxlint/binding-android-arm-eabi": {
      "version": "1.68.0",
      "resolved": "https://registry.npmjs.org/@oxlint/binding-android-arm-eabi/-/binding-android-arm-eabi-1.68.0.tgz",
      "integrity": "sha512-wEdsIspexXLLMCPAEOcCuFLMt6aE3AzTuA/nQKLPRnoJ+EQTturmGheDkhHuuVHx0GbutjQ3JKmEn+Gz6Ag28Q==",
      "cpu": [
        "arm"
      ],
      "dev": true,
      "license": "MIT",
      "optional": true,
      "os": [
        "android"
      ],
      "engines": {
        "node": "^20.19.0 || >=22.12.0"
      }
    },
    "node_modules/@oxlint/binding-android-arm64": {
      "version": "1.68.0",
      "resolved": "https://registry.npmjs.org/@oxlint/binding-android-arm64/-/binding-android-arm64-1.68.0.tgz",
      "integrity": "sha512-6aZRNNXQTsYtgaus8HTb9nuCcsrQTlKXGnktwvwW0n/SooRWNxNb3925grDkC63aEYZuCIyOVLV16IdYIoC2aQ==",
      "cpu": [
        "arm64"
      ],
      "dev": true,
      "license": "MIT",
      "optional": true,
      "os": [
        "android"
      ],
      "engines": {
        "node": "^20.19.0 || >=22.12.0"
      }
    },
    "node_modules/@oxlint/binding-darwin-arm64": {
      "version": "1.68.0",
      "resolved": "https://registry.npmjs.org/@oxlint/binding-darwin-arm64/-/binding-darwin-arm64-1.68.0.tgz",
      "integrity": "sha512-lVTbsE3kO4bLpZELgjRZuAJc8kP98wb83yMXWH8gaPaFZ+cM2IDeZto4ByoUAYj0Mxv2rvw+A1ssZequSepVSg==",
      "cpu": [
        "arm64"
      ],
      "dev": true,
      "license": "MIT",
      "optional": true,
      "os": [
        "darwin"
      ],
      "engines": {
        "node": "^20.19.0 || >=22.12.0"
      }
    },
    "node_modules/@oxlint/binding-darwin-x64": {
      "version": "1.68.0",
      "resolved": "https://registry.npmjs.org/@oxlint/binding-darwin-x64/-/binding-darwin-x64-1.68.0.tgz",
      "integrity": "sha512-nCmw2XrmQskjBUh/sfP5yKs93V68LijQgjd1cuuZ/q4SCARngLYs60/qqyzuMsg8QQ9KArDI98hxs/RDGE4KRQ==",
      "cpu": [
        "x64"
      ],
      "dev": true,
      "license": "MIT",
      "optional": true,
      "os": [
        "darwin"
      ],
      "engines": {
        "node": "^20.19.0 || >=22.12.0"
      }
    },
    "node_modules/@oxlint/binding-freebsd-x64": {
      "version": "1.68.0",
      "resolved": "https://registry.npmjs.org/@oxlint/binding-freebsd-x64/-/binding-freebsd-x64-1.68.0.tgz",
      "integrity": "sha512-TI4ovQJliYE9V6e06cEv+qEI9uj7Ao65fmif4er4HD+aouyYyh0P31q2jh3KtqsOHHcQqv2PZ61TjJFLpBDGWQ==",
      "cpu": [
        "x64"
      ],
      "dev": true,
      "license": "MIT",
      "optional": true,
      "os": [
        "freebsd"
      ],
      "engines": {
        "node": "^20.19.0 || >=22.12.0"
      }
    },
    "node_modules/@oxlint/binding-linux-arm-gnueabihf": {
      "version": "1.68.0",
      "resolved": "https://registry.npmjs.org/@oxlint/binding-linux-arm-gnueabihf/-/binding-linux-arm-gnueabihf-1.68.0.tgz",
      "integrity": "sha512-LcNnEi9g71Cmry5ZpLbKT+oVv+/zYG3hYVAbBBB5X85nOQZSk8l92CnDkxJMcxUg0NCnMCOFZuaVDlMyv4tYJw==",
      "cpu": [
        "arm"
      ],
      "dev": true,
      "license": "MIT",
      "optional": true,
      "os": [
        "linux"
      ],
      "engines": {
        "node": "^20.19.0 || >=22.12.0"
      }
    },
    "node_modules/@oxlint/binding-linux-arm-musleabihf": {
      "version": "1.68.0",
      "resolved": "https://registry.npmjs.org/@oxlint/binding-linux-arm-musleabihf/-/binding-linux-arm-musleabihf-1.68.0.tgz",
      "integrity": "sha512-OovHahL3FX4UaK+hgSf11llUx2vszqjSdQQ61Ck9InOEI/ptZoC4XSQJurITqItVvd53JSlmkLMeaNjM1PoQew==",
      "cpu": [
        "arm"
      ],
      "dev": true,
      "license": "MIT",
      "optional": true,
      "os": [
        "linux"
      ],
      "engines": {
        "node": "^20.19.0 || >=22.12.0"
      }
    },
    "node_modules/@oxlint/binding-linux-arm64-gnu": {
      "version": "1.68.0",
      "resolved": "https://registry.npmjs.org/@oxlint/binding-linux-arm64-gnu/-/binding-linux-arm64-gnu-1.68.0.tgz",
      "integrity": "sha512-YbzTglnHLzzi9zv5or8Ztz5fykAoZE8W9iM42/bOrF4HBSB6rJTqdLQWuoP76EHQw9DuKl76K1QmFlG29sPJXQ==",
      "cpu": [
        "arm64"
      ],
      "dev": true,
      "license": "MIT",
      "optional": true,
      "os": [
        "linux"
      ],
      "engines": {
        "node": "^20.19.0 || >=22.12.0"
      }
    },
    "node_modules/@oxlint/binding-linux-arm64-musl": {
      "version": "1.68.0",
      "resolved": "https://registry.npmjs.org/@oxlint/binding-linux-arm64-musl/-/binding-linux-arm64-musl-1.68.0.tgz",
      "integrity": "sha512-qVKtCZNic+OoNnOr/hCQAu22HSQzflI7Fsq/Blzkw02SnLuv163k3kfmrVpZjSBlUHgsRKj6WgQiw30d3SX02Q==",
      "cpu": [
        "arm64"
      ],
      "dev": true,
      "license": "MIT",
      "optional": true,
      "os": [
        "linux"
      ],
      "engines": {
        "node": "^20.19.0 || >=22.12.0"
      }
    },
    "node_modules/@oxlint/binding-linux-ppc64-gnu": {
      "version": "1.68.0",
      "resolved": "https://registry.npmjs.org/@oxlint/binding-linux-ppc64-gnu/-/binding-linux-ppc64-gnu-1.68.0.tgz",
      "integrity": "sha512-zExyZ8ZOUuAyQ0y9jpTcyjKUz62YY9JhKPyVxzvjTpXzZ3ujdqiVwfPWDdnA1SsIOrxdtxHn7KErDHLWskFjXg==",
      "cpu": [
        "ppc64"
      ],
      "dev": true,
      "license": "MIT",
      "optional": true,
      "os": [
        "linux"
      ],
      "engines": {
        "node": "^20.19.0 || >=22.12.0"
      }
    },
    "node_modules/@oxlint/binding-linux-riscv64-gnu": {
      "version": "1.68.0",
      "resolved": "https://registry.npmjs.org/@oxlint/binding-linux-riscv64-gnu/-/binding-linux-riscv64-gnu-1.68.0.tgz",
      "integrity": "sha512-6C4MPuwewyDavA7sxM14wzgRi5GGL68HPIxRCdVyS75U4MDbpFVYzKO9WNR6KLKTMPq2pcz3THwo1sK2uiqngw==",
      "cpu": [
        "riscv64"
      ],
      "dev": true,
      "license": "MIT",
      "optional": true,
      "os": [
        "linux"
      ],
      "engines": {
        "node": "^20.19.0 || >=22.12.0"
      }
    },
    "node_modules/@oxlint/binding-linux-riscv64-musl": {
      "version": "1.68.0",
      "resolved": "https://registry.npmjs.org/@oxlint/binding-linux-riscv64-musl/-/binding-linux-riscv64-musl-1.68.0.tgz",
      "integrity": "sha512-bnZooVeHAcvA+dH0EDLgx+7HY/DRi6e0hFszg3P+OBatuUjV6EvfIyNIzWOusmqAVh4L6r21GGTZtiKE4iqM4Q==",
      "cpu": [
        "riscv64"
      ],
      "dev": true,
      "license": "MIT",
      "optional": true,
      "os": [
        "linux"
      ],
      "engines": {
        "node": "^20.19.0 || >=22.12.0"
      }
    },
    "node_modules/@oxlint/binding-linux-s390x-gnu": {
      "version": "1.68.0",
      "resolved": "https://registry.npmjs.org/@oxlint/binding-linux-s390x-gnu/-/binding-linux-s390x-gnu-1.68.0.tgz",
      "integrity": "sha512-dIqnZnJSmHCMOUpUcWQOiV14o3DDPVx1DSsMaSzvdhNjC1tB1iEPZbdiMSCIEYbkgbsYznHXWqFdKL8WUB3F8g==",
      "cpu": [
        "s390x"
      ],
      "dev": true,
      "license": "MIT",
      "optional": true,
      "os": [
        "linux"
      ],
      "engines": {
        "node": "^20.19.0 || >=22.12.0"
      }
    },
    "node_modules/@oxlint/binding-linux-x64-gnu": {
      "version": "1.68.0",
      "resolved": "https://registry.npmjs.org/@oxlint/binding-linux-x64-gnu/-/binding-linux-x64-gnu-1.68.0.tgz",
      "integrity": "sha512-zc9lEnfV/HreDTY6gdMlZe+irkwHSxQ4/B1pS9GyK7RVaA5LxhoZY/w6/o2vIwLLEYiXQ5ujGxOM1ZazeFAAIA==",
      "cpu": [
        "x64"
      ],
      "dev": true,
      "license": "MIT",
      "optional": true,
      "os": [
        "linux"
      ],
      "engines": {
        "node": "^20.19.0 || >=22.12.0"
      }
    },
    "node_modules/@oxlint/binding-linux-x64-musl": {
      "version": "1.68.0",
      "resolved": "https://registry.npmjs.org/@oxlint/binding-linux-x64-musl/-/binding-linux-x64-musl-1.68.0.tgz",
      "integrity": "sha512-Dl5QEX0TCo/40Cdh1o1JdPS//+YiWqjC+Hrrya5OQmStZZr4svAFtdlqcpCrU9yq2Mo3vRVyO9B3h0dzD8s36Q==",
      "cpu": [
        "x64"
      ],
      "dev": true,
      "license": "MIT",
      "optional": true,
      "os": [
        "linux"
      ],
      "engines": {
        "node": "^20.19.0 || >=22.12.0"
      }
    },
    "node_modules/@oxlint/binding-openharmony-arm64": {
      "version": "1.68.0",
      "resolved": "https://registry.npmjs.org/@oxlint/binding-openharmony-arm64/-/binding-openharmony-arm64-1.68.0.tgz",
      "integrity": "sha512-/qy6dOvi4S3/LeXq0l5BT5pRKPYA7oj3uKwJOAZOr5HRLL+HK6jdBynvWuXIA2wwfE01RzNYmbBdM7vwYx00sA==",
      "cpu": [
        "arm64"
      ],
      "dev": true,
      "license": "MIT",
      "optional": true,
      "os": [
        "openharmony"
      ],
      "engines": {
        "node": "^20.19.0 || >=22.12.0"
      }
    },
    "node_modules/@oxlint/binding-win32-arm64-msvc": {
      "version": "1.68.0",
      "resolved": "https://registry.npmjs.org/@oxlint/binding-win32-arm64-msvc/-/binding-win32-arm64-msvc-1.68.0.tgz",
      "integrity": "sha512-fHNtVqPHSYE7UFDSLVFUjxQjnSVXxseNJmRW+XuP4pXXDwePdPda43NL7/BBCFTxHjycOc44JNDaOPtFDNui9A==",
      "cpu": [
        "arm64"
      ],
      "dev": true,
      "license": "MIT",
      "optional": true,
      "os": [
        "win32"
      ],
      "engines": {
        "node": "^20.19.0 || >=22.12.0"
      }
    },
    "node_modules/@oxlint/binding-win32-ia32-msvc": {
      "version": "1.68.0",
      "resolved": "https://registry.npmjs.org/@oxlint/binding-win32-ia32-msvc/-/binding-win32-ia32-msvc-1.68.0.tgz",
      "integrity": "sha512-NnKXr4Wgo4nps3erhrE0f8shBvBPZMHg72nDsvX0JyrRvsNiP3f1JNvbCKh+A6VFvpF7ZoJxu904P3cKMhvZnA==",
      "cpu": [
        "ia32"
      ],
      "dev": true,
      "license": "MIT",
      "optional": true,
      "os": [
        "win32"
      ],
      "engines": {
        "node": "^20.19.0 || >=22.12.0"
      }
    },
    "node_modules/@oxlint/binding-win32-x64-msvc": {
      "version": "1.68.0",
      "resolved": "https://registry.npmjs.org/@oxlint/binding-win32-x64-msvc/-/binding-win32-x64-msvc-1.68.0.tgz",
      "integrity": "sha512-zg5pA+84AlU6XHJ3ruiRxziO71QTrz8nLsk6u01JGS5+tL9/bnlakFiklFrcy4R1/V7ktWtaNitN3JZWmKnf6g==",
      "cpu": [
        "x64"
      ],
      "dev": true,
      "license": "MIT",
      "optional": true,
      "os": [
        "win32"
      ],
      "engines": {
        "node": "^20.19.0 || >=22.12.0"
      }
    },
    "node_modules/@socketsecurity/cli": {
      "version": "1.1.102",
      "resolved": "https://registry.npmjs.org/@socketsecurity/cli/-/cli-1.1.102.tgz",
      "integrity": "sha512-mA/1RqKVNtSxWpyNgDkenT8BqsRuQveKHoRY4Linm5uco0n195egf12vNj1iHRvMtT5szXIma8iHIyFIZbPnQQ==",
      "license": "MIT AND OFL-1.1",
      "dependencies": {
        "@socketsecurity/socket-patch": "2.0.0"
      },
      "bin": {
        "cli": "bin/cli.js",
        "socket": "bin/cli.js",
        "socket-npm": "bin/npm-cli.js",
        "socket-npx": "bin/npx-cli.js",
        "socket-pnpm": "bin/pnpm-cli.js",
        "socket-yarn": "bin/yarn-cli.js"
      },
      "engines": {
        "node": ">=18.20.8",
        "pnpm": ">=10.33.0"
      }
    },
    "node_modules/@socketsecurity/socket-patch": {
      "version": "2.0.0",
      "resolved": "https://registry.npmjs.org/@socketsecurity/socket-patch/-/socket-patch-2.0.0.tgz",
      "integrity": "sha512-WyKOelgSuE17ReOdcrYQ2fBm6kHvdkDm55b3owHC7WoU1FLNzRnv47J0bkoNgNObB6KedTiQLVzf/ZvbuIl5oQ==",
      "license": "MIT",
      "dependencies": {
        "zod": "^3.24.4"
      },
      "bin": {
        "socket-patch": "bin/socket-patch"
      },
      "engines": {
        "node": ">=18.0.0"
      },
      "optionalDependencies": {
        "@socketsecurity/socket-patch-android-arm64": "2.0.0",
        "@socketsecurity/socket-patch-darwin-arm64": "2.0.0",
        "@socketsecurity/socket-patch-darwin-x64": "2.0.0",
        "@socketsecurity/socket-patch-linux-arm": "2.0.0",
        "@socketsecurity/socket-patch-linux-arm64": "2.0.0",
        "@socketsecurity/socket-patch-linux-ia32": "2.0.0",
        "@socketsecurity/socket-patch-linux-x64": "2.0.0",
        "@socketsecurity/socket-patch-win32-arm64": "2.0.0",
        "@socketsecurity/socket-patch-win32-ia32": "2.0.0",
        "@socketsecurity/socket-patch-win32-x64": "2.0.0"
      }
    },
    "node_modules/@socketsecurity/socket-patch-android-arm64": {
      "version": "2.0.0",
      "resolved": "https://registry.npmjs.org/@socketsecurity/socket-patch-android-arm64/-/socket-patch-android-arm64-2.0.0.tgz",
      "integrity": "sha512-R/xsoKr0pRpxHeqoIxMj7R4w77mBPQ5Asv4PpNg2UTIEhxUx9XyXW7MVq9XjjrnWIEMpV1TwOptjvBicFTZZAQ==",
      "cpu": [
        "arm64"
      ],
      "license": "MIT",
      "optional": true,
      "os": [
        "android"
      ]
    },
    "node_modules/@socketsecurity/socket-patch-darwin-arm64": {
      "version": "2.0.0",
      "resolved": "https://registry.npmjs.org/@socketsecurity/socket-patch-darwin-arm64/-/socket-patch-darwin-arm64-2.0.0.tgz",
      "integrity": "sha512-Qtra40wpKeH59VggrXIopdxr0OcyDj/1bOlUqHfyNkoKWwFoifZ3IQGb4N2DP5FfTXKRGcc8GkBntHkv2xqnnw==",
      "cpu": [
        "arm64"
      ],
      "license": "MIT",
      "optional": true,
      "os": [
        "darwin"
      ]
    },
    "node_modules/@socketsecurity/socket-patch-darwin-x64": {
      "version": "2.0.0",
      "resolved": "https://registry.npmjs.org/@socketsecurity/socket-patch-darwin-x64/-/socket-patch-darwin-x64-2.0.0.tgz",
      "integrity": "sha512-ZXpbjqEg6JOD/Kbrd7pN1DgrMCqwRzngheFHjTZ4PCBmF6c631ePWTHgKcxUIFakiTLCU11+hhX97wZ/gZ0Krg==",
      "cpu": [
        "x64"
      ],
      "license": "MIT",
      "optional": true,
      "os": [
        "darwin"
      ]
    },
    "node_modules/@socketsecurity/socket-patch-linux-arm": {
      "version": "2.0.0",
      "resolved": "https://registry.npmjs.org/@socketsecurity/socket-patch-linux-arm/-/socket-patch-linux-arm-2.0.0.tgz",
      "integrity": "sha512-ynXffPV/Ay/T+rT/spcHyexxBhwmrXQ5nTI8z48dHIlnv0utnWsVq2zhC9fffzxRwhLC/949A0pSaBaCIGih+A==",
      "cpu": [
        "arm"
      ],
      "license": "MIT",
      "optional": true,
      "os": [
        "linux"
      ]
    },
    "node_modules/@socketsecurity/socket-patch-linux-arm64": {
      "version": "2.0.0",
      "resolved": "https://registry.npmjs.org/@socketsecurity/socket-patch-linux-arm64/-/socket-patch-linux-arm64-2.0.0.tgz",
      "integrity": "sha512-kA04/a41J4LrTTidM+kn4FCcViCqccrnhsKOSwdVrhP+d7c8Op0uCtcJZ1HdmT5iwFKQsiHkg/99gIUsJ9vUzQ==",
      "cpu": [
        "arm64"
      ],
      "license": "MIT",
      "optional": true,
      "os": [
        "linux"
      ]
    },
    "node_modules/@socketsecurity/socket-patch-linux-ia32": {
      "version": "2.0.0",
      "resolved": "https://registry.npmjs.org/@socketsecurity/socket-patch-linux-ia32/-/socket-patch-linux-ia32-2.0.0.tgz",
      "integrity": "sha512-N7rMgHf0q1U0Fl4YQn8/DhheSSsP72uH9+irADyVwtx7BJMAk4jsryynwqBQvBul9556M4ObmcH91AnIqIrvNg==",
      "cpu": [
        "ia32"
      ],
      "license": "MIT",
      "optional": true,
      "os": [
        "linux"
      ]
    },
    "node_modules/@socketsecurity/socket-patch-linux-x64": {
      "version": "2.0.0",
      "resolved": "https://registry.npmjs.org/@socketsecurity/socket-patch-linux-x64/-/socket-patch-linux-x64-2.0.0.tgz",
      "integrity": "sha512-WpPUqgbYxGGe0OSbxyol+lMbB3F7uhTaH2r7wbyq5ks8qwiHzFn2IXSFjkeJSaeMuqrFfsu2yWrSfgyN1ybP2Q==",
      "cpu": [
        "x64"
      ],
      "license": "MIT",
      "optional": true,
      "os": [
        "linux"
      ]
    },
    "node_modules/@socketsecurity/socket-patch-win32-arm64": {
      "version": "2.0.0",
      "resolved": "https://registry.npmjs.org/@socketsecurity/socket-patch-win32-arm64/-/socket-patch-win32-arm64-2.0.0.tgz",
      "integrity": "sha512-Hqp0qKxqHlEkqszOChFPOihnxbqON0Sv0i5G+twCAtMB277KlfwOkEuLVvlFnSHxbwOyQ9MVJ0NpzSIN6ovOlQ==",
      "cpu": [
        "arm64"
      ],
      "license": "MIT",
      "optional": true,
      "os": [
        "win32"
      ]
    },
    "node_modules/@socketsecurity/socket-patch-win32-ia32": {
      "version": "2.0.0",
      "resolved": "https://registry.npmjs.org/@socketsecurity/socket-patch-win32-ia32/-/socket-patch-win32-ia32-2.0.0.tgz",
      "integrity": "sha512-WB8suzfmTgyIWbF/4FRLqsMKbNg64pYZsZhMwIRG2Dct3JQH6XK0wVNeH289LOHEQ0+isEpCNYFiQzEdRHfZOg==",
      "cpu": [
        "ia32"
      ],
      "license": "MIT",
      "optional": true,
      "os": [
        "win32"
      ]
    },
    "node_modules/@socketsecurity/socket-patch-win32-x64": {
      "version": "2.0.0",
      "resolved": "https://registry.npmjs.org/@socketsecurity/socket-patch-win32-x64/-/socket-patch-win32-x64-2.0.0.tgz",
      "integrity": "sha512-TimHyh/FoHYvYao8MDHXnfd69+K1Js9Uak1BjU62Bk2VKSQUS279eOwrMSltyyzZ8LvnJIhMispe+a+12/2VHw==",
      "cpu": [
        "x64"
      ],
      "license": "MIT",
      "optional": true,
      "os": [
        "win32"
      ]
    },
    "node_modules/oxlint": {
      "version": "1.68.0",
      "resolved": "https://registry.npmjs.org/oxlint/-/oxlint-1.68.0.tgz",
      "integrity": "sha512-dXcbq+xsmLrMy6T8d0euf3IYUfLmjHIE11pOxiUSi5LHkFZaYPv568R6sEjcavVpUxoaQe66UBuK4HEi74NxpA==",
      "dev": true,
      "license": "MIT",
      "bin": {
        "oxlint": "bin/oxlint"
      },
      "engines": {
        "node": "^20.19.0 || >=22.12.0"
      },
      "funding": {
        "url": "https://github.com/sponsors/Boshen"
      },
      "optionalDependencies": {
        "@oxlint/binding-android-arm-eabi": "1.68.0",
        "@oxlint/binding-android-arm64": "1.68.0",
        "@oxlint/binding-darwin-arm64": "1.68.0",
        "@oxlint/binding-darwin-x64": "1.68.0",
        "@oxlint/binding-freebsd-x64": "1.68.0",
        "@oxlint/binding-linux-arm-gnueabihf": "1.68.0",
        "@oxlint/binding-linux-arm-musleabihf": "1.68.0",
        "@oxlint/binding-linux-arm64-gnu": "1.68.0",
        "@oxlint/binding-linux-arm64-musl": "1.68.0",
        "@oxlint/binding-linux-ppc64-gnu": "1.68.0",
        "@oxlint/binding-linux-riscv64-gnu": "1.68.0",
        "@oxlint/binding-linux-riscv64-musl": "1.68.0",
        "@oxlint/binding-linux-s390x-gnu": "1.68.0",
        "@oxlint/binding-linux-x64-gnu": "1.68.0",
        "@oxlint/binding-linux-x64-musl": "1.68.0",
        "@oxlint/binding-openharmony-arm64": "1.68.0",
        "@oxlint/binding-win32-arm64-msvc": "1.68.0",
        "@oxlint/binding-win32-ia32-msvc": "1.68.0",
        "@oxlint/binding-win32-x64-msvc": "1.68.0"
      },
      "peerDependencies": {
        "oxlint-tsgolint": ">=0.22.1",
        "vite-plus": "*"
      },
      "peerDependenciesMeta": {
        "oxlint-tsgolint": {
          "optional": true
        },
        "vite-plus": {
          "optional": true
        }
      }
    },
    "node_modules/zod": {
      "version": "3.25.76",
      "resolved": "https://registry.npmjs.org/zod/-/zod-3.25.76.tgz",
      "integrity": "sha512-gzUt/qt81nXsFGKIFcC3YnfEAx5NkunCfnDlvuBSSFS02bcXu4Lmea0AFIUwbLWxWPx3d9p8S5QoaujKcNQxcQ==",
      "license": "MIT",
      "funding": {
        "url": "https://github.com/sponsors/colinhacks"
      }
    }
  }
}
